
Microsoft Visual Studio Solution File, Format Version 12.00
# Visual Studio Version 16
VisualStudioVersion = 16.0.31112.23
MinimumVisualStudioVersion = 10.0.40219.1
Project("{FAE04EC0-301F-11D3-BF4B-00C04F79EFBC}") = "Project2-Client-GUI", "Project2-Client-GUI.csproj", "{FA53B99D-691B-41EE-A901-AAD9DE75FB99}"
EndProject
Global
	GlobalSection(SolutionConfigurationPlatforms) = preSolution
		Debug|Any CPU = Debug|Any CPU
		Release|Any CPU = Release|Any CPU
	EndGlobalSection
	GlobalSection(ProjectConfigurationPlatforms) = postSolution
		{FA53B99D-691B-41EE-A901-AAD9DE75FB99}.Debug|Any CPU.ActiveCfg = Debug|Any CPU
		{FA53B99D-691B-41EE-A901-AAD9DE75FB99}.Debug|Any CPU.Build.0 = Debug|Any CPU
		{FA53B99D-691B-41EE-A901-AAD9DE75FB99}.Release|Any CPU.ActiveCfg = Release|Any CPU
		{FA53B99D-691B-41EE-A901-AAD9DE75FB99}.Release|Any CPU.Build.0 = Release|Any CPU
	EndGlobalSection
	GlobalSection(SolutionProperties) = preSolution
		HideSolutionNode = FALSE
	EndGlobalSection
	GlobalSection(ExtensibilityGlobals) = postSolution
		SolutionGuid = {56EFD0E6-1422-45FE-805F-45463A0AE105}
	EndGlobalSection
EndGlobal
